
Microsoft Visual Studio Solution File, Format Version 12.00
# Visual Studio 14
VisualStudioVersion = 14.0.25420.1
MinimumVisualStudioVersion = 10.0.40219.1
Project("{FAE04EC0-301F-11D3-BF4B-00C04F79EFBC}") = "ClientMessenger", "ClientMessenger\ClientMessenger.csproj", "{3156AA2A-0732-4BBC-A130-993AFC8B1384}"
EndProject
Project("{FAE04EC0-301F-11D3-BF4B-00C04F79EFBC}") = "ServerMessenger", "..\ServerMessenger\ServerMessenger\ServerMessenger.csproj", "{0BBEB1A4-D078-4024-8AE1-95F28F77B826}"
EndProject
Project("{FAE04EC0-301F-11D3-BF4B-00C04F79EFBC}") = "ProtocolDomain", "MessengerDomain\ProtocolDomain.csproj", "{8AD99637-1D38-4973-BBFB-E714C90AE5B5}"
EndProject
Project("{FAE04EC0-301F-11D3-BF4B-00C04F79EFBC}") = "WSHostMessenger", "..\ServerMessenger\WSHostMessenger\WSHostMessenger.csproj", "{C8CD1E8A-A339-4667-BA88-60D64B51B0CC}"
EndProject
Project("{FAE04EC0-301F-11D3-BF4B-00C04F79EFBC}") = "WSMessengerClient", "..\WSMessengerClient\WSMessengerClient\WSMessengerClient.csproj", "{90E75576-09D6-4836-8A0C-A60903FC91A7}"
EndProject
Project("{FAE04EC0-301F-11D3-BF4B-00C04F79EFBC}") = "Persistence", "Persistence\Persistence.csproj", "{3E93662C-E212-4CD5-B770-2BD7E550F13E}"
EndProject
Project("{FAE04EC0-301F-11D3-BF4B-00C04F79EFBC}") = "ServerMSQM", "ServerMSQM\ServerMSQM.csproj", "{0F790509-3B5B-4476-AA3E-4BDF71627700}"
EndProject
Global
	GlobalSection(SolutionConfigurationPlatforms) = preSolution
		Debug|Any CPU = Debug|Any CPU
		Release|Any CPU = Release|Any CPU
	EndGlobalSection
	GlobalSection(ProjectConfigurationPlatforms) = postSolution
		{3156AA2A-0732-4BBC-A130-993AFC8B1384}.Debug|Any CPU.ActiveCfg = Debug|Any CPU
		{3156AA2A-0732-4BBC-A130-993AFC8B1384}.Debug|Any CPU.Build.0 = Debug|Any CPU
		{3156AA2A-0732-4BBC-A130-993AFC8B1384}.Release|Any CPU.ActiveCfg = Release|Any CPU
		{3156AA2A-0732-4BBC-A130-993AFC8B1384}.Release|Any CPU.Build.0 = Release|Any CPU
		{0BBEB1A4-D078-4024-8AE1-95F28F77B826}.Debug|Any CPU.ActiveCfg = Debug|Any CPU
		{0BBEB1A4-D078-4024-8AE1-95F28F77B826}.Debug|Any CPU.Build.0 = Debug|Any CPU
		{0BBEB1A4-D078-4024-8AE1-95F28F77B826}.Release|Any CPU.ActiveCfg = Release|Any CPU
		{0BBEB1A4-D078-4024-8AE1-95F28F77B826}.Release|Any CPU.Build.0 = Release|Any CPU
		{8AD99637-1D38-4973-BBFB-E714C90AE5B5}.Debug|Any CPU.ActiveCfg = Debug|Any CPU
		{8AD99637-1D38-4973-BBFB-E714C90AE5B5}.Debug|Any CPU.Build.0 = Debug|Any CPU
		{8AD99637-1D38-4973-BBFB-E714C90AE5B5}.Release|Any CPU.ActiveCfg = Release|Any CPU
		{8AD99637-1D38-4973-BBFB-E714C90AE5B5}.Release|Any CPU.Build.0 = Release|Any CPU
		{C8CD1E8A-A339-4667-BA88-60D64B51B0CC}.Debug|Any CPU.ActiveCfg = Debug|Any CPU
		{C8CD1E8A-A339-4667-BA88-60D64B51B0CC}.Debug|Any CPU.Build.0 = Debug|Any CPU
		{C8CD1E8A-A339-4667-BA88-60D64B51B0CC}.Release|Any CPU.ActiveCfg = Release|Any CPU
		{C8CD1E8A-A339-4667-BA88-60D64B51B0CC}.Release|Any CPU.Build.0 = Release|Any CPU
		{90E75576-09D6-4836-8A0C-A60903FC91A7}.Debug|Any CPU.ActiveCfg = Debug|Any CPU
		{90E75576-09D6-4836-8A0C-A60903FC91A7}.Debug|Any CPU.Build.0 = Debug|Any CPU
		{90E75576-09D6-4836-8A0C-A60903FC91A7}.Release|Any CPU.ActiveCfg = Release|Any CPU
		{90E75576-09D6-4836-8A0C-A60903FC91A7}.Release|Any CPU.Build.0 = Release|Any CPU
		{3E93662C-E212-4CD5-B770-2BD7E550F13E}.Debug|Any CPU.ActiveCfg = Debug|Any CPU
		{3E93662C-E212-4CD5-B770-2BD7E550F13E}.Debug|Any CPU.Build.0 = Debug|Any CPU
		{3E93662C-E212-4CD5-B770-2BD7E550F13E}.Release|Any CPU.ActiveCfg = Release|Any CPU
		{3E93662C-E212-4CD5-B770-2BD7E550F13E}.Release|Any CPU.Build.0 = Release|Any CPU
		{0F790509-3B5B-4476-AA3E-4BDF71627700}.Debug|Any CPU.ActiveCfg = Debug|Any CPU
		{0F790509-3B5B-4476-AA3E-4BDF71627700}.Debug|Any CPU.Build.0 = Debug|Any CPU
		{0F790509-3B5B-4476-AA3E-4BDF71627700}.Release|Any CPU.ActiveCfg = Release|Any CPU
		{0F790509-3B5B-4476-AA3E-4BDF71627700}.Release|Any CPU.Build.0 = Release|Any CPU
	EndGlobalSection
	GlobalSection(SolutionProperties) = preSolution
		HideSolutionNode = FALSE
	EndGlobalSection
EndGlobal
